
Microsoft Visual Studio Solution File, Format Version 12.00
# Visual Studio 15
VisualStudioVersion = 15.0.28307.779
MinimumVisualStudioVersion = 10.0.40219.1
Project("{888888A0-9F3D-457C-B088-3A5042F75D52}") = "xml_edit", "xml_edit\xml_edit.pyproj", "{755AEE43-1CA9-4F55-B691-5AF5AEA520B9}"
EndProject
Global
	GlobalSection(SolutionConfigurationPlatforms) = preSolution
		Debug|Any CPU = Debug|Any CPU
		Release|Any CPU = Release|Any CPU
	EndGlobalSection
	GlobalSection(ProjectConfigurationPlatforms) = postSolution
		{755AEE43-1CA9-4F55-B691-5AF5AEA520B9}.Debug|Any CPU.ActiveCfg = Debug|Any CPU
		{755AEE43-1CA9-4F55-B691-5AF5AEA520B9}.Release|Any CPU.ActiveCfg = Release|Any CPU
	EndGlobalSection
	GlobalSection(SolutionProperties) = preSolution
		HideSolutionNode = FALSE
	EndGlobalSection
	GlobalSection(ExtensibilityGlobals) = postSolution
		SolutionGuid = {A68BE494-C0BB-4CA6-9514-4E3E39622E2E}
	EndGlobalSection
EndGlobal
